
Microsoft Visual Studio Solution File, Format Version 12.00
# Visual Studio Version 16
VisualStudioVersion = 16.0.31624.102
MinimumVisualStudioVersion = 10.0.40219.1
Project("{FAE04EC0-301F-11D3-BF4B-00C04F79EFBC}") = "Sistema-PDV", "Sistema-PDV.csproj", "{2AC781E5-355F-4F82-ABB6-655FA7558F7D}"
EndProject
Global
	GlobalSection(SolutionConfigurationPlatforms) = preSolution
		Debug|Any CPU = Debug|Any CPU
		Release|Any CPU = Release|Any CPU
	EndGlobalSection
	GlobalSection(ProjectConfigurationPlatforms) = postSolution
		{2AC781E5-355F-4F82-ABB6-655FA7558F7D}.Debug|Any CPU.ActiveCfg = Debug|Any CPU
		{2AC781E5-355F-4F82-ABB6-655FA7558F7D}.Debug|Any CPU.Build.0 = Debug|Any CPU
		{2AC781E5-355F-4F82-ABB6-655FA7558F7D}.Release|Any CPU.ActiveCfg = Release|Any CPU
		{2AC781E5-355F-4F82-ABB6-655FA7558F7D}.Release|Any CPU.Build.0 = Release|Any CPU
	EndGlobalSection
	GlobalSection(SolutionProperties) = preSolution
		HideSolutionNode = FALSE
	EndGlobalSection
	GlobalSection(ExtensibilityGlobals) = postSolution
		SolutionGuid = {7D4A5A05-9CC4-41C6-9D7D-4313BF7F8219}
	EndGlobalSection
EndGlobal
